lockfileVersion: '9.0'

settings:
  autoInstallPeers: true
  excludeLinksFromLockfile: false

importers:

  .:
    dependencies:
      axe-core:
        specifier: ^4.10.2
        version: 4.10.2
      dotenv:
        specifier: ^16.4.5
        version: 16.4.5
      fs-extra:
        specifier: ^11.2.0
        version: 11.2.0
      klassijs-astellen:
        specifier: github:klassijs/klassijs-astellen
        version: https://codeload.github.com/klassijs/klassijs-astellen/tar.gz/18d105f146ed692d055bdcc0c552de4b243813dd

packages:

  axe-core@4.10.2:
    resolution: {integrity: sha512-RE3mdQ7P3FRSe7eqCWoeQ/Z9QXrtniSjp1wUjt5nRC3WIpz5rSCve6o3fsZ2aCpJtrZjSZgjwXAoTO5k4tEI0w==}
    engines: {node: '>=4'}

  dotenv@16.4.5:
    resolution: {integrity: sha512-ZmdL2rui+eB2YwhsWzjInR8LldtZHGDoQ1ugH85ppHKwpUHL7j7rN0Ti9NCnGiQbhaZ11FpR+7ao1dNsmduNUg==}
    engines: {node: '>=12'}

  fs-extra@11.2.0:
    resolution: {integrity: sha512-PmDi3uwK5nFuXh7XDTlVnS17xJS7vW36is2+w3xcv8SVxiB4NyATf4ctkVY5bkSjX0Y4nbvZCq1/EjtEyr9ktw==}
    engines: {node: '>=14.14'}

  graceful-fs@4.2.11:
    resolution: {integrity: sha512-RbJ5/jmFcNNCcDV5o9eTnBLJ/HszWV0P73bc+Ff4nS/rJj+YaS6IGyiOL0VoBYX+l1Wrl3k63h/KrH+nhJ0XvQ==}

  jsonfile@6.1.0:
    resolution: {integrity: sha512-5dgndWOriYSm5cnYaJNhalLNDKOqFwyDB/rr1E9ZsGciGvKPs8R2xYGCacuf3z6K1YKDz182fd+fY3cn3pMqXQ==}

  klassijs-astellen@https://codeload.github.com/klassijs/klassijs-astellen/tar.gz/18d105f146ed692d055bdcc0c552de4b243813dd:
    resolution: {tarball: https://codeload.github.com/klassijs/klassijs-astellen/tar.gz/18d105f146ed692d055bdcc0c552de4b243813dd}
    version: 1.0.0

  universalify@2.0.1:
    resolution: {integrity: sha512-gptHNQghINnc/vTGIk0SOFGFNXw7JVrlRUtConJRlvaw6DuX0wO5Jeko9sWrMBhh+PsYAZ7oXAiOnf/UKogyiw==}
    engines: {node: '>= 10.0.0'}

snapshots:

  axe-core@4.10.2: {}

  dotenv@16.4.5: {}

  fs-extra@11.2.0:
    dependencies:
      graceful-fs: 4.2.11
      jsonfile: 6.1.0
      universalify: 2.0.1

  graceful-fs@4.2.11: {}

  jsonfile@6.1.0:
    dependencies:
      universalify: 2.0.1
    optionalDependencies:
      graceful-fs: 4.2.11

  klassijs-astellen@https://codeload.github.com/klassijs/klassijs-astellen/tar.gz/18d105f146ed692d055bdcc0c552de4b243813dd: {}

  universalify@2.0.1: {}
